
Microsoft Visual Studio Solution File, Format Version 12.00
# Visual Studio Version 17
VisualStudioVersion = 17.0.32014.148
MinimumVisualStudioVersion = 10.0.40219.1
Project("{FAE04EC0-301F-11D3-BF4B-00C04F79EFBC}") = "Library", "Library\Library.csproj", "{AF137DD0-4A7B-40F1-9382-C066412CA429}"
EndProject
Project("{FAE04EC0-301F-11D3-BF4B-00C04F79EFBC}") = "Library.Application", "Library.Application\Library.Application.csproj", "{258D9AC8-9D89-428D-B0B9-04F5EFFB5493}"
EndProject
Project("{FAE04EC0-301F-11D3-BF4B-00C04F79EFBC}") = "Library.Data.Domein", "Library.Data.Domein\Library.Data.Domein.csproj", "{1DA2FEB2-1205-4821-A8CB-1DF4CD665503}"
EndProject
Project("{FAE04EC0-301F-11D3-BF4B-00C04F79EFBC}") = "Library.DataBase", "Library.DataBase\Library.DataBase.csproj", "{4F566D3C-D80B-4605-81A2-0EFBAEDB9A27}"
EndProject
Project("{FAE04EC0-301F-11D3-BF4B-00C04F79EFBC}") = "Library.Infrastructure", "Library.Infrastructure\Library.Infrastructure.csproj", "{C51BD3DD-4F1C-424E-94C3-617E5D2AF72A}"
EndProject
Global
	GlobalSection(SolutionConfigurationPlatforms) = preSolution
		Debug|Any CPU = Debug|Any CPU
		Release|Any CPU = Release|Any CPU
	EndGlobalSection
	GlobalSection(ProjectConfigurationPlatforms) = postSolution
		{AF137DD0-4A7B-40F1-9382-C066412CA429}.Debug|Any CPU.ActiveCfg = Debug|Any CPU
		{AF137DD0-4A7B-40F1-9382-C066412CA429}.Debug|Any CPU.Build.0 = Debug|Any CPU
		{AF137DD0-4A7B-40F1-9382-C066412CA429}.Release|Any CPU.ActiveCfg = Release|Any CPU
		{AF137DD0-4A7B-40F1-9382-C066412CA429}.Release|Any CPU.Build.0 = Release|Any CPU
		{258D9AC8-9D89-428D-B0B9-04F5EFFB5493}.Debug|Any CPU.ActiveCfg = Debug|Any CPU
		{258D9AC8-9D89-428D-B0B9-04F5EFFB5493}.Debug|Any CPU.Build.0 = Debug|Any CPU
		{258D9AC8-9D89-428D-B0B9-04F5EFFB5493}.Release|Any CPU.ActiveCfg = Release|Any CPU
		{258D9AC8-9D89-428D-B0B9-04F5EFFB5493}.Release|Any CPU.Build.0 = Release|Any CPU
		{1DA2FEB2-1205-4821-A8CB-1DF4CD665503}.Debug|Any CPU.ActiveCfg = Debug|Any CPU
		{1DA2FEB2-1205-4821-A8CB-1DF4CD665503}.Debug|Any CPU.Build.0 = Debug|Any CPU
		{1DA2FEB2-1205-4821-A8CB-1DF4CD665503}.Release|Any CPU.ActiveCfg = Release|Any CPU
		{1DA2FEB2-1205-4821-A8CB-1DF4CD665503}.Release|Any CPU.Build.0 = Release|Any CPU
		{4F566D3C-D80B-4605-81A2-0EFBAEDB9A27}.Debug|Any CPU.ActiveCfg = Debug|Any CPU
		{4F566D3C-D80B-4605-81A2-0EFBAEDB9A27}.Debug|Any CPU.Build.0 = Debug|Any CPU
		{4F566D3C-D80B-4605-81A2-0EFBAEDB9A27}.Release|Any CPU.ActiveCfg = Release|Any CPU
		{4F566D3C-D80B-4605-81A2-0EFBAEDB9A27}.Release|Any CPU.Build.0 = Release|Any CPU
		{C51BD3DD-4F1C-424E-94C3-617E5D2AF72A}.Debug|Any CPU.ActiveCfg = Debug|Any CPU
		{C51BD3DD-4F1C-424E-94C3-617E5D2AF72A}.Debug|Any CPU.Build.0 = Debug|Any CPU
		{C51BD3DD-4F1C-424E-94C3-617E5D2AF72A}.Release|Any CPU.ActiveCfg = Release|Any CPU
		{C51BD3DD-4F1C-424E-94C3-617E5D2AF72A}.Release|Any CPU.Build.0 = Release|Any CPU
	EndGlobalSection
	GlobalSection(SolutionProperties) = preSolution
		HideSolutionNode = FALSE
	EndGlobalSection
	GlobalSection(ExtensibilityGlobals) = postSolution
		SolutionGuid = {79163682-97CC-4937-AC7E-688A689C881C}
	EndGlobalSection
EndGlobal
